
Microsoft Visual Studio Solution File, Format Version 12.00
# Visual Studio Version 17
VisualStudioVersion = 17.5.002.0
MinimumVisualStudioVersion = 10.0.40219.1
Project("{9A19103F-16F7-4668-BE54-9A1E7A4F7556}") = "coin-api", "coin-api.csproj", "{B368D7A1-F375-4E4C-96E6-1A9326031190}"
EndProject
Global
	GlobalSection(SolutionConfigurationPlatforms) = preSolution
		Debug|Any CPU = Debug|Any CPU
		Release|Any CPU = Release|Any CPU
	EndGlobalSection
	GlobalSection(ProjectConfigurationPlatforms) = postSolution
		{B368D7A1-F375-4E4C-96E6-1A9326031190}.Debug|Any CPU.ActiveCfg = Debug|Any CPU
		{B368D7A1-F375-4E4C-96E6-1A9326031190}.Debug|Any CPU.Build.0 = Debug|Any CPU
		{B368D7A1-F375-4E4C-96E6-1A9326031190}.Release|Any CPU.ActiveCfg = Release|Any CPU
		{B368D7A1-F375-4E4C-96E6-1A9326031190}.Release|Any CPU.Build.0 = Release|Any CPU
	EndGlobalSection
	GlobalSection(SolutionProperties) = preSolution
		HideSolutionNode = FALSE
	EndGlobalSection
	GlobalSection(ExtensibilityGlobals) = postSolution
		SolutionGuid = {C6A653B3-55EE-433D-95B5-78C11EBF0C44}
	EndGlobalSection
EndGlobal
